
Microsoft Visual Studio Solution File, Format Version 12.00
# Visual Studio Version 17
VisualStudioVersion = 17.9.34728.123
MinimumVisualStudioVersion = 10.0.40219.1
Project("{FAE04EC0-301F-11D3-BF4B-00C04F79EFBC}") = "banking", "banking\banking.csproj", "{94A0447F-6141-4360-8C6B-C175AA95DFB0}"
EndProject
Global
	GlobalSection(SolutionConfigurationPlatforms) = preSolution
		Debug|Any CPU = Debug|Any CPU
		Release|Any CPU = Release|Any CPU
	EndGlobalSection
	GlobalSection(ProjectConfigurationPlatforms) = postSolution
		{94A0447F-6141-4360-8C6B-C175AA95DFB0}.Debug|Any CPU.ActiveCfg = Debug|Any CPU
		{94A0447F-6141-4360-8C6B-C175AA95DFB0}.Debug|Any CPU.Build.0 = Debug|Any CPU
		{94A0447F-6141-4360-8C6B-C175AA95DFB0}.Release|Any CPU.ActiveCfg = Release|Any CPU
		{94A0447F-6141-4360-8C6B-C175AA95DFB0}.Release|Any CPU.Build.0 = Release|Any CPU
	EndGlobalSection
	GlobalSection(SolutionProperties) = preSolution
		HideSolutionNode = FALSE
	EndGlobalSection
	GlobalSection(ExtensibilityGlobals) = postSolution
		SolutionGuid = {85C0717F-6D63-4E88-90C0-ACABE7ADB439}
	EndGlobalSection
EndGlobal
